// !$*UTF8*$!
{
	archiveVersion = 1;
	classes = {
	};
	objectVersion = 55;
	objects = {

/* Begin PBXBuildFile section */
		D4228F2C2736907400E1FFBA /* ScofieldApp.swift in Sources */ = {isa = PBXBuildFile; fileRef = D4228F2B2736907400E1FFBA /* ScofieldApp.swift */; };
		D4228F2E2736907400E1FFBA /* ContentView.swift in Sources */ = {isa = PBXBuildFile; fileRef = D4228F2D2736907400E1FFBA /* ContentView.swift */; };
		D4228F302736907600E1FFBA /* Assets.xcassets in Resources */ = {isa = PBXBuildFile; fileRef = D4228F2F2736907600E1FFBA /* Assets.xcassets */; };
		D4228F332736907600E1FFBA /* Preview Assets.xcassets in Resources */ = {isa = PBXBuildFile; fileRef = D4228F322736907600E1FFBA /* Preview Assets.xcassets */; };
		D4228F3B273690C700E1FFBA /* AppSettings.swift in Sources */ = {isa = PBXBuildFile; fileRef = D4228F3A273690C700E1FFBA /* AppSettings.swift */; };
		D4228F3D273693E400E1FFBA /* AppSettingsView.swift in Sources */ = {isa = PBXBuildFile; fileRef = D4228F3C273693E400E1FFBA /* AppSettingsView.swift */; };
		D4228F3F273694AF00E1FFBA /* AppSettingsSliderView.swift in Sources */ = {isa = PBXBuildFile; fileRef = D4228F3E273694AF00E1FFBA /* AppSettingsSliderView.swift */; };
		D4228F4327369CC000E1FFBA /* SpriteLayerScrollView.swift in Sources */ = {isa = PBXBuildFile; fileRef = D4228F4227369CC000E1FFBA /* SpriteLayerScrollView.swift */; };
		D4228F4527369DA200E1FFBA /* SpriteLayerView.swift in Sources */ = {isa = PBXBuildFile; fileRef = D4228F4427369DA200E1FFBA /* SpriteLayerView.swift */; };
		D4228F4727369DE000E1FFBA /* SpriteLayerToggleView.swift in Sources */ = {isa = PBXBuildFile; fileRef = D4228F4627369DE000E1FFBA /* SpriteLayerToggleView.swift */; };
		D4228F4D2736CFC200E1FFBA /* ArenaScene.swift in Sources */ = {isa = PBXBuildFile; fileRef = D4228F4C2736CFC200E1FFBA /* ArenaScene.swift */; };
		D4228F522736D02D00E1FFBA /* SceneDispatch.swift in Sources */ = {isa = PBXBuildFile; fileRef = D4228F4F2736D02C00E1FFBA /* SceneDispatch.swift */; };
		D4228F532736D02D00E1FFBA /* DisplayCycle.swift in Sources */ = {isa = PBXBuildFile; fileRef = D4228F502736D02C00E1FFBA /* DisplayCycle.swift */; };
		D4228F542736D02D00E1FFBA /* SpritePool.swift in Sources */ = {isa = PBXBuildFile; fileRef = D4228F512736D02D00E1FFBA /* SpritePool.swift */; };
		D4228F5B2736D0C900E1FFBA /* GridPoint.swift in Sources */ = {isa = PBXBuildFile; fileRef = D4228F562736D0C900E1FFBA /* GridPoint.swift */; };
		D4228F5C2736D0C900E1FFBA /* Deque.swift in Sources */ = {isa = PBXBuildFile; fileRef = D4228F572736D0C900E1FFBA /* Deque.swift */; };
		D4228F5D2736D0C900E1FFBA /* Extensions.swift in Sources */ = {isa = PBXBuildFile; fileRef = D4228F582736D0C900E1FFBA /* Extensions.swift */; };
		D4228F5E2736D0C900E1FFBA /* Overload2D.swift in Sources */ = {isa = PBXBuildFile; fileRef = D4228F592736D0C900E1FFBA /* Overload2D.swift */; };
		D4228F5F2736D0C900E1FFBA /* TriangleFormulae.swift in Sources */ = {isa = PBXBuildFile; fileRef = D4228F5A2736D0C900E1FFBA /* TriangleFormulae.swift */; };
		D4228F612736D10100E1FFBA /* AppConfig.swift in Sources */ = {isa = PBXBuildFile; fileRef = D4228F602736D10100E1FFBA /* AppConfig.swift */; };
		D4228F622736D2DA00E1FFBA /* SpriteLayer.swift in Sources */ = {isa = PBXBuildFile; fileRef = D4228F4A2736CDC000E1FFBA /* SpriteLayer.swift */; };
		D4228F63273709A700E1FFBA /* SpriteLayerShowHIdeView.swift in Sources */ = {isa = PBXBuildFile; fileRef = D4228F4827369EF200E1FFBA /* SpriteLayerShowHIdeView.swift */; };
/* End PBXBuildFile section */

/* Begin PBXFileReference section */
		D4228F282736907400E1FFBA /* Scofield.app */ = {isa = PBXFileReference; explicitFileType = wrapper.application; includeInIndex = 0; path = Scofield.app; sourceTree = BUILT_PRODUCTS_DIR; };
		D4228F2B2736907400E1FFBA /* ScofieldApp.swift */ = {isa = PBXFileReference; lastKnownFileType = sourcecode.swift; path = ScofieldApp.swift; sourceTree = "<group>"; };
		D4228F2D2736907400E1FFBA /* ContentView.swift */ = {isa = PBXFileReference; lastKnownFileType = sourcecode.swift; path = ContentView.swift; sourceTree = "<group>"; };
		D4228F2F2736907600E1FFBA /* Assets.xcassets */ = {isa = PBXFileReference; lastKnownFileType = folder.assetcatalog; path = Assets.xcassets; sourceTree = "<group>"; };
		D4228F322736907600E1FFBA /* Preview Assets.xcassets */ = {isa = PBXFileReference; lastKnownFileType = folder.assetcatalog; path = "Preview Assets.xcassets"; sourceTree = "<group>"; };
		D4228F342736907600E1FFBA /* Scofield.entitlements */ = {isa = PBXFileReference; lastKnownFileType = text.plist.entitlements; path = Scofield.entitlements; sourceTree = "<group>"; };
		D4228F3A273690C700E1FFBA /* AppSettings.swift */ = {isa = PBXFileReference; lastKnownFileType = sourcecode.swift; path = AppSettings.swift; sourceTree = "<group>"; };
		D4228F3C273693E400E1FFBA /* AppSettingsView.swift */ = {isa = PBXFileReference; lastKnownFileType = sourcecode.swift; path = AppSettingsView.swift; sourceTree = "<group>"; };
		D4228F3E273694AF00E1FFBA /* AppSettingsSliderView.swift */ = {isa = PBXFileReference; lastKnownFileType = sourcecode.swift; path = AppSettingsSliderView.swift; sourceTree = "<group>"; };
		D4228F4227369CC000E1FFBA /* SpriteLayerScrollView.swift */ = {isa = PBXFileReference; lastKnownFileType = sourcecode.swift; path = SpriteLayerScrollView.swift; sourceTree = "<group>"; };
		D4228F4427369DA200E1FFBA /* SpriteLayerView.swift */ = {isa = PBXFileReference; lastKnownFileType = sourcecode.swift; path = SpriteLayerView.swift; sourceTree = "<group>"; };
		D4228F4627369DE000E1FFBA /* SpriteLayerToggleView.swift */ = {isa = PBXFileReference; lastKnownFileType = sourcecode.swift; path = SpriteLayerToggleView.swift; sourceTree = "<group>"; };
		D4228F4827369EF200E1FFBA /* SpriteLayerShowHIdeView.swift */ = {isa = PBXFileReference; lastKnownFileType = sourcecode.swift; path = SpriteLayerShowHIdeView.swift; sourceTree = "<group>"; };
		D4228F4A2736CDC000E1FFBA /* SpriteLayer.swift */ = {isa = PBXFileReference; fileEncoding = 4; lastKnownFileType = sourcecode.swift; path = SpriteLayer.swift; sourceTree = "<group>"; };
		D4228F4C2736CFC200E1FFBA /* ArenaScene.swift */ = {isa = PBXFileReference; fileEncoding = 4; lastKnownFileType = sourcecode.swift; path = ArenaScene.swift; sourceTree = "<group>"; };
		D4228F4F2736D02C00E1FFBA /* SceneDispatch.swift */ = {isa = PBXFileReference; fileEncoding = 4; lastKnownFileType = sourcecode.swift; path = SceneDispatch.swift; sourceTree = "<group>"; };
		D4228F502736D02C00E1FFBA /* DisplayCycle.swift */ = {isa = PBXFileReference; fileEncoding = 4; lastKnownFileType = sourcecode.swift; path = DisplayCycle.swift; sourceTree = "<group>"; };
		D4228F512736D02D00E1FFBA /* SpritePool.swift */ = {isa = PBXFileReference; fileEncoding = 4; lastKnownFileType = sourcecode.swift; path = SpritePool.swift; sourceTree = "<group>"; };
		D4228F562736D0C900E1FFBA /* GridPoint.swift */ = {isa = PBXFileReference; fileEncoding = 4; lastKnownFileType = sourcecode.swift; path = GridPoint.swift; sourceTree = "<group>"; };
		D4228F572736D0C900E1FFBA /* Deque.swift */ = {isa = PBXFileReference; fileEncoding = 4; lastKnownFileType = sourcecode.swift; path = Deque.swift; sourceTree = "<group>"; };
		D4228F582736D0C900E1FFBA /* Extensions.swift */ = {isa = PBXFileReference; fileEncoding = 4; lastKnownFileType = sourcecode.swift; path = Extensions.swift; sourceTree = "<group>"; };
		D4228F592736D0C900E1FFBA /* Overload2D.swift */ = {isa = PBXFileReference; fileEncoding = 4; lastKnownFileType = sourcecode.swift; path = Overload2D.swift; sourceTree = "<group>"; };
		D4228F5A2736D0C900E1FFBA /* TriangleFormulae.swift */ = {isa = PBXFileReference; fileEncoding = 4; lastKnownFileType = sourcecode.swift; path = TriangleFormulae.swift; sourceTree = "<group>"; };
		D4228F602736D10100E1FFBA /* AppConfig.swift */ = {isa = PBXFileReference; lastKnownFileType = sourcecode.swift; path = AppConfig.swift; sourceTree = "<group>"; };
/* End PBXFileReference section */

/* Begin PBXFrameworksBuildPhase section */
		D4228F252736907400E1FFBA /* Frameworks */ = {
			isa = PBXFrameworksBuildPhase;
			buildActionMask = 2147483647;
			files = (
			);
			runOnlyForDeploymentPostprocessing = 0;
		};
/* End PBXFrameworksBuildPhase section */

/* Begin PBXGroup section */
		D4228F1F2736907400E1FFBA = {
			isa = PBXGroup;
			children = (
				D4228F2A2736907400E1FFBA /* Scofield */,
				D4228F292736907400E1FFBA /* Products */,
			);
			sourceTree = "<group>";
		};
		D4228F292736907400E1FFBA /* Products */ = {
			isa = PBXGroup;
			children = (
				D4228F282736907400E1FFBA /* Scofield.app */,
			);
			name = Products;
			sourceTree = "<group>";
		};
		D4228F2A2736907400E1FFBA /* Scofield */ = {
			isa = PBXGroup;
			children = (
				D4228F6427370BB200E1FFBA /* Settings */,
				D4228F552736D0C900E1FFBA /* NutsNBolts */,
				D4228F4E2736D01800E1FFBA /* SpriteKit */,
				D4228F6527370BC700E1FFBA /* SpriteLayer */,
				D4228F2D2736907400E1FFBA /* ContentView.swift */,
				D4228F2B2736907400E1FFBA /* ScofieldApp.swift */,
				D4228F2F2736907600E1FFBA /* Assets.xcassets */,
				D4228F342736907600E1FFBA /* Scofield.entitlements */,
				D4228F312736907600E1FFBA /* Preview Content */,
			);
			path = Scofield;
			sourceTree = "<group>";
		};
		D4228F312736907600E1FFBA /* Preview Content */ = {
			isa = PBXGroup;
			children = (
				D4228F322736907600E1FFBA /* Preview Assets.xcassets */,
			);
			path = "Preview Content";
			sourceTree = "<group>";
		};
		D4228F4E2736D01800E1FFBA /* SpriteKit */ = {
			isa = PBXGroup;
			children = (
				D4228F4C2736CFC200E1FFBA /* ArenaScene.swift */,
				D4228F502736D02C00E1FFBA /* DisplayCycle.swift */,
				D4228F4F2736D02C00E1FFBA /* SceneDispatch.swift */,
				D4228F512736D02D00E1FFBA /* SpritePool.swift */,
			);
			path = SpriteKit;
			sourceTree = "<group>";
		};
		D4228F552736D0C900E1FFBA /* NutsNBolts */ = {
			isa = PBXGroup;
			children = (
				D4228F572736D0C900E1FFBA /* Deque.swift */,
				D4228F582736D0C900E1FFBA /* Extensions.swift */,
				D4228F562736D0C900E1FFBA /* GridPoint.swift */,
				D4228F592736D0C900E1FFBA /* Overload2D.swift */,
				D4228F5A2736D0C900E1FFBA /* TriangleFormulae.swift */,
			);
			path = NutsNBolts;
			sourceTree = "<group>";
		};
		D4228F6427370BB200E1FFBA /* Settings */ = {
			isa = PBXGroup;
			children = (
				D4228F602736D10100E1FFBA /* AppConfig.swift */,
				D4228F3A273690C700E1FFBA /* AppSettings.swift */,
				D4228F3E273694AF00E1FFBA /* AppSettingsSliderView.swift */,
				D4228F3C273693E400E1FFBA /* AppSettingsView.swift */,
			);
			path = Settings;
			sourceTree = "<group>";
		};
		D4228F6527370BC700E1FFBA /* SpriteLayer */ = {
			isa = PBXGroup;
			children = (
				D4228F4A2736CDC000E1FFBA /* SpriteLayer.swift */,
				D4228F4227369CC000E1FFBA /* SpriteLayerScrollView.swift */,
				D4228F4827369EF200E1FFBA /* SpriteLayerShowHIdeView.swift */,
				D4228F4627369DE000E1FFBA /* SpriteLayerToggleView.swift */,
				D4228F4427369DA200E1FFBA /* SpriteLayerView.swift */,
			);
			path = SpriteLayer;
			sourceTree = "<group>";
		};
/* End PBXGroup section */

/* Begin PBXNativeTarget section */
		D4228F272736907400E1FFBA /* Scofield */ = {
			isa = PBXNativeTarget;
			buildConfigurationList = D4228F372736907600E1FFBA /* Build configuration list for PBXNativeTarget "Scofield" */;
			buildPhases = (
				D4228F242736907400E1FFBA /* Sources */,
				D4228F252736907400E1FFBA /* Frameworks */,
				D4228F262736907400E1FFBA /* Resources */,
			);
			buildRules = (
			);
			dependencies = (
			);
			name = Scofield;
			productName = Scofield;
			productReference = D4228F282736907400E1FFBA /* Scofield.app */;
			productType = "com.apple.product-type.application";
		};
/* End PBXNativeTarget section */

/* Begin PBXProject section */
		D4228F202736907400E1FFBA /* Project object */ = {
			isa = PBXProject;
			attributes = {
				BuildIndependentTargetsInParallel = 1;
				LastSwiftUpdateCheck = 1310;
				LastUpgradeCheck = 1310;
				TargetAttributes = {
					D4228F272736907400E1FFBA = {
						CreatedOnToolsVersion = 13.1;
					};
				};
			};
			buildConfigurationList = D4228F232736907400E1FFBA /* Build configuration list for PBXProject "Scofield" */;
			compatibilityVersion = "Xcode 13.0";
			developmentRegion = en;
			hasScannedForEncodings = 0;
			knownRegions = (
				en,
				Base,
			);
			mainGroup = D4228F1F2736907400E1FFBA;
			productRefGroup = D4228F292736907400E1FFBA /* Products */;
			projectDirPath = "";
			projectRoot = "";
			targets = (
				D4228F272736907400E1FFBA /* Scofield */,
			);
		};
/* End PBXProject section */

/* Begin PBXResourcesBuildPhase section */
		D4228F262736907400E1FFBA /* Resources */ = {
			isa = PBXResourcesBuildPhase;
			buildActionMask = 2147483647;
			files = (
				D4228F332736907600E1FFBA /* Preview Assets.xcassets in Resources */,
				D4228F302736907600E1FFBA /* Assets.xcassets in Resources */,
			);
			runOnlyForDeploymentPostprocessing = 0;
		};
/* End PBXResourcesBuildPhase section */

/* Begin PBXSourcesBuildPhase section */
		D4228F242736907400E1FFBA /* Sources */ = {
			isa = PBXSourcesBuildPhase;
			buildActionMask = 2147483647;
			files = (
				D4228F622736D2DA00E1FFBA /* SpriteLayer.swift in Sources */,
				D4228F3F273694AF00E1FFBA /* AppSettingsSliderView.swift in Sources */,
				D4228F5E2736D0C900E1FFBA /* Overload2D.swift in Sources */,
				D4228F5F2736D0C900E1FFBA /* TriangleFormulae.swift in Sources */,
				D4228F522736D02D00E1FFBA /* SceneDispatch.swift in Sources */,
				D4228F2E2736907400E1FFBA /* ContentView.swift in Sources */,
				D4228F3D273693E400E1FFBA /* AppSettingsView.swift in Sources */,
				D4228F612736D10100E1FFBA /* AppConfig.swift in Sources */,
				D4228F2C2736907400E1FFBA /* ScofieldApp.swift in Sources */,
				D4228F5B2736D0C900E1FFBA /* GridPoint.swift in Sources */,
				D4228F3B273690C700E1FFBA /* AppSettings.swift in Sources */,
				D4228F5C2736D0C900E1FFBA /* Deque.swift in Sources */,
				D4228F4D2736CFC200E1FFBA /* ArenaScene.swift in Sources */,
				D4228F4327369CC000E1FFBA /* SpriteLayerScrollView.swift in Sources */,
				D4228F5D2736D0C900E1FFBA /* Extensions.swift in Sources */,
				D4228F4727369DE000E1FFBA /* SpriteLayerToggleView.swift in Sources */,
				D4228F4527369DA200E1FFBA /* SpriteLayerView.swift in Sources */,
				D4228F532736D02D00E1FFBA /* DisplayCycle.swift in Sources */,
				D4228F63273709A700E1FFBA /* SpriteLayerShowHIdeView.swift in Sources */,
				D4228F542736D02D00E1FFBA /* SpritePool.swift in Sources */,
			);
			runOnlyForDeploymentPostprocessing = 0;
		};
/* End PBXSourcesBuildPhase section */

/* Begin XCBuildConfiguration section */
		D4228F352736907600E1FFBA /* Debug */ = {
			isa = XCBuildConfiguration;
			buildSettings = {
				ALWAYS_SEARCH_USER_PATHS = NO;
				CLANG_ANALYZER_NONNULL = YES;
				CLANG_ANALYZER_NUMBER_OBJECT_CONVERSION = YES_AGGRESSIVE;
				CLANG_CXX_LANGUAGE_STANDARD = "gnu++17";
				CLANG_CXX_LIBRARY = "libc++";
				CLANG_ENABLE_MODULES = YES;
				CLANG_ENABLE_OBJC_ARC = YES;
				CLANG_ENABLE_OBJC_WEAK = YES;
				CLANG_WARN_BLOCK_CAPTURE_AUTORELEASING = YES;
				CLANG_WARN_BOOL_CONVERSION = YES;
				CLANG_WARN_COMMA = YES;
				CLANG_WARN_CONSTANT_CONVERSION = YES;
				CLANG_WARN_DEPRECATED_OBJC_IMPLEMENTATIONS = YES;
				CLANG_WARN_DIRECT_OBJC_ISA_USAGE = YES_ERROR;
				CLANG_WARN_DOCUMENTATION_COMMENTS = YES;
				CLANG_WARN_EMPTY_BODY = YES;
				CLANG_WARN_ENUM_CONVERSION = YES;
				CLANG_WARN_INFINITE_RECURSION = YES;
				CLANG_WARN_INT_CONVERSION = YES;
				CLANG_WARN_NON_LITERAL_NULL_CONVERSION = YES;
				CLANG_WARN_OBJC_IMPLICIT_RETAIN_SELF = YES;
				CLANG_WARN_OBJC_LITERAL_CONVERSION = YES;
				CLANG_WARN_OBJC_ROOT_CLASS = YES_ERROR;
				CLANG_WARN_QUOTED_INCLUDE_IN_FRAMEWORK_HEADER = YES;
				CLANG_WARN_RANGE_LOOP_ANALYSIS = YES;
				CLANG_WARN_STRICT_PROTOTYPES = YES;
				CLANG_WARN_SUSPICIOUS_MOVE = YES;
				CLANG_WARN_UNGUARDED_AVAILABILITY = YES_AGGRESSIVE;
				CLANG_WARN_UNREACHABLE_CODE = YES;
				CLANG_WARN__DUPLICATE_METHOD_MATCH = YES;
				COPY_PHASE_STRIP = NO;
				DEBUG_INFORMATION_FORMAT = dwarf;
				ENABLE_STRICT_OBJC_MSGSEND = YES;
				ENABLE_TESTABILITY = YES;
				GCC_C_LANGUAGE_STANDARD = gnu11;
				GCC_DYNAMIC_NO_PIC = NO;
				GCC_NO_COMMON_BLOCKS = YES;
				GCC_OPTIMIZATION_LEVEL = 0;
				GCC_PREPROCESSOR_DEFINITIONS = (
					"DEBUG=1",
					"$(inherited)",
				);
				GCC_WARN_64_TO_32_BIT_CONVERSION = YES;
				GCC_WARN_ABOUT_RETURN_TYPE = YES_ERROR;
				GCC_WARN_UNDECLARED_SELECTOR = YES;
				GCC_WARN_UNINITIALIZED_AUTOS = YES_AGGRESSIVE;
				GCC_WARN_UNUSED_FUNCTION = YES;
				GCC_WARN_UNUSED_VARIABLE = YES;
				MACOSX_DEPLOYMENT_TARGET = 12.0;
				MTL_ENABLE_DEBUG_INFO = INCLUDE_SOURCE;
				MTL_FAST_MATH = YES;
				ONLY_ACTIVE_ARCH = YES;
				SDKROOT = macosx;
				SWIFT_ACTIVE_COMPILATION_CONDITIONS = DEBUG;
				SWIFT_OPTIMIZATION_LEVEL = "-Onone";
			};
			name = Debug;
		};
		D4228F362736907600E1FFBA /* Release */ = {
			isa = XCBuildConfiguration;
			buildSettings = {
				ALWAYS_SEARCH_USER_PATHS = NO;
				CLANG_ANALYZER_NONNULL = YES;
				CLANG_ANALYZER_NUMBER_OBJECT_CONVERSION = YES_AGGRESSIVE;
				CLANG_CXX_LANGUAGE_STANDARD = "gnu++17";
				CLANG_CXX_LIBRARY = "libc++";
				CLANG_ENABLE_MODULES = YES;
				CLANG_ENABLE_OBJC_ARC = YES;
				CLANG_ENABLE_OBJC_WEAK = YES;
				CLANG_WARN_BLOCK_CAPTURE_AUTORELEASING = YES;
				CLANG_WARN_BOOL_CONVERSION = YES;
				CLANG_WARN_COMMA = YES;
				CLANG_WARN_CONSTANT_CONVERSION = YES;
				CLANG_WARN_DEPRECATED_OBJC_IMPLEMENTATIONS = YES;
				CLANG_WARN_DIRECT_OBJC_ISA_USAGE = YES_ERROR;
				CLANG_WARN_DOCUMENTATION_COMMENTS = YES;
				CLANG_WARN_EMPTY_BODY = YES;
				CLANG_WARN_ENUM_CONVERSION = YES;
				CLANG_WARN_INFINITE_RECURSION = YES;
				CLANG_WARN_INT_CONVERSION = YES;
				CLANG_WARN_NON_LITERAL_NULL_CONVERSION = YES;
				CLANG_WARN_OBJC_IMPLICIT_RETAIN_SELF = YES;
				CLANG_WARN_OBJC_LITERAL_CONVERSION = YES;
				CLANG_WARN_OBJC_ROOT_CLASS = YES_ERROR;
				CLANG_WARN_QUOTED_INCLUDE_IN_FRAMEWORK_HEADER = YES;
				CLANG_WARN_RANGE_LOOP_ANALYSIS = YES;
				CLANG_WARN_STRICT_PROTOTYPES = YES;
				CLANG_WARN_SUSPICIOUS_MOVE = YES;
				CLANG_WARN_UNGUARDED_AVAILABILITY = YES_AGGRESSIVE;
				CLANG_WARN_UNREACHABLE_CODE = YES;
				CLANG_WARN__DUPLICATE_METHOD_MATCH = YES;
				COPY_PHASE_STRIP = NO;
				DEBUG_INFORMATION_FORMAT = "dwarf-with-dsym";
				ENABLE_NS_ASSERTIONS = NO;
				ENABLE_STRICT_OBJC_MSGSEND = YES;
				GCC_C_LANGUAGE_STANDARD = gnu11;
				GCC_NO_COMMON_BLOCKS = YES;
				GCC_WARN_64_TO_32_BIT_CONVERSION = YES;
				GCC_WARN_ABOUT_RETURN_TYPE = YES_ERROR;
				GCC_WARN_UNDECLARED_SELECTOR = YES;
				GCC_WARN_UNINITIALIZED_AUTOS = YES_AGGRESSIVE;
				GCC_WARN_UNUSED_FUNCTION = YES;
				GCC_WARN_UNUSED_VARIABLE = YES;
				MACOSX_DEPLOYMENT_TARGET = 12.0;
				MTL_ENABLE_DEBUG_INFO = NO;
				MTL_FAST_MATH = YES;
				SDKROOT = macosx;
				SWIFT_COMPILATION_MODE = wholemodule;
				SWIFT_OPTIMIZATION_LEVEL = "-O";
			};
			name = Release;
		};
		D4228F382736907600E1FFBA /* Debug */ = {
			isa = XCBuildConfiguration;
			buildSettings = {
				ASSETCATALOG_COMPILER_APPICON_NAME = AppIcon;
				ASSETCATALOG_COMPILER_GLOBAL_ACCENT_COLOR_NAME = AccentColor;
				CODE_SIGN_ENTITLEMENTS = Scofield/Scofield.entitlements;
				CODE_SIGN_STYLE = Automatic;
				COMBINE_HIDPI_IMAGES = YES;
				CURRENT_PROJECT_VERSION = 1;
				DEVELOPMENT_ASSET_PATHS = "\"Scofield/Preview Content\"";
				DEVELOPMENT_TEAM = DD983V4X84;
				ENABLE_HARDENED_RUNTIME = YES;
				ENABLE_PREVIEWS = YES;
				GENERATE_INFOPLIST_FILE = YES;
				INFOPLIST_KEY_NSHumanReadableCopyright = "";
				LD_RUNPATH_SEARCH_PATHS = (
					"$(inherited)",
					"@executable_path/../Frameworks",
				);
				MARKETING_VERSION = 1.0;
				PRODUCT_BUNDLE_IDENTIFIER = com.boringsoftware.Scofield;
				PRODUCT_NAME = "$(TARGET_NAME)";
				SWIFT_EMIT_LOC_STRINGS = YES;
				SWIFT_VERSION = 5.0;
			};
			name = Debug;
		};
		D4228F392736907600E1FFBA /* Release */ = {
			isa = XCBuildConfiguration;
			buildSettings = {
				ASSETCATALOG_COMPILER_APPICON_NAME = AppIcon;
				ASSETCATALOG_COMPILER_GLOBAL_ACCENT_COLOR_NAME = AccentColor;
				CODE_SIGN_ENTITLEMENTS = Scofield/Scofield.entitlements;
				CODE_SIGN_STYLE = Automatic;
				COMBINE_HIDPI_IMAGES = YES;
				CURRENT_PROJECT_VERSION = 1;
				DEVELOPMENT_ASSET_PATHS = "\"Scofield/Preview Content\"";
				DEVELOPMENT_TEAM = DD983V4X84;
				ENABLE_HARDENED_RUNTIME = YES;
				ENABLE_PREVIEWS = YES;
				GENERATE_INFOPLIST_FILE = YES;
				INFOPLIST_KEY_NSHumanReadableCopyright = "";
				LD_RUNPATH_SEARCH_PATHS = (
					"$(inherited)",
					"@executable_path/../Frameworks",
				);
				MARKETING_VERSION = 1.0;
				PRODUCT_BUNDLE_IDENTIFIER = com.boringsoftware.Scofield;
				PRODUCT_NAME = "$(TARGET_NAME)";
				SWIFT_EMIT_LOC_STRINGS = YES;
				SWIFT_VERSION = 5.0;
			};
			name = Release;
		};
/* End XCBuildConfiguration section */

/* Begin XCConfigurationList section */
		D4228F232736907400E1FFBA /* Build configuration list for PBXProject "Scofield" */ = {
			isa = XCConfigurationList;
			buildConfigurations = (
				D4228F352736907600E1FFBA /* Debug */,
				D4228F362736907600E1FFBA /* Release */,
			);
			defaultConfigurationIsVisible = 0;
			defaultConfigurationName = Release;
		};
		D4228F372736907600E1FFBA /* Build configuration list for PBXNativeTarget "Scofield" */ = {
			isa = XCConfigurationList;
			buildConfigurations = (
				D4228F382736907600E1FFBA /* Debug */,
				D4228F392736907600E1FFBA /* Release */,
			);
			defaultConfigurationIsVisible = 0;
			defaultConfigurationName = Release;
		};
/* End XCConfigurationList section */
	};
	rootObject = D4228F202736907400E1FFBA /* Project object */;
}
